// !$*UTF8*$!
{
	archiveVersion = 1;
	classes = {
	};
	objectVersion = 50;
	objects = {

/* Begin PBXBuildFile section */
		9693513F22197D7D007B1CEA /* main.c in Sources */ = {isa = PBXBuildFile; fileRef = 9693513E22197D7D007B1CEA /* main.c */; };
		9693514822197E7A007B1CEA /* utils.c in Sources */ = {isa = PBXBuildFile; fileRef = 9693514622197E7A007B1CEA /* utils.c */; };
		9693514F2219A208007B1CEA /* ExtDefList.c in Sources */ = {isa = PBXBuildFile; fileRef = 9693514E2219A208007B1CEA /* ExtDefList.c */; };
		969351522219A2CD007B1CEA /* ExtDef.c in Sources */ = {isa = PBXBuildFile; fileRef = 969351512219A2CD007B1CEA /* ExtDef.c */; };
		969351552219A3A6007B1CEA /* errors.c in Sources */ = {isa = PBXBuildFile; fileRef = 969351542219A3A6007B1CEA /* errors.c */; };
/* End PBXBuildFile section */

/* Begin PBXCopyFilesBuildPhase section */
		9693513922197D7D007B1CEA /* CopyFiles */ = {
			isa = PBXCopyFilesBuildPhase;
			buildActionMask = 2147483647;
			dstPath = /usr/share/man/man1/;
			dstSubfolderSpec = 0;
			files = (
			);
			runOnlyForDeploymentPostprocessing = 1;
		};
/* End PBXCopyFilesBuildPhase section */

/* Begin PBXFileReference section */
		9693513B22197D7D007B1CEA /* PSP */ = {isa = PBXFileReference; explicitFileType = "compiled.mach-o.executable"; includeInIndex = 0; path = PSP; sourceTree = BUILT_PRODUCTS_DIR; };
		9693513E22197D7D007B1CEA /* main.c */ = {isa = PBXFileReference; lastKnownFileType = sourcecode.c.c; path = main.c; sourceTree = "<group>"; };
		9693514522197E6F007B1CEA /* main.h */ = {isa = PBXFileReference; fileEncoding = 4; lastKnownFileType = sourcecode.c.h; path = main.h; sourceTree = "<group>"; };
		9693514622197E7A007B1CEA /* utils.c */ = {isa = PBXFileReference; fileEncoding = 4; lastKnownFileType = sourcecode.c.c; path = utils.c; sourceTree = "<group>"; };
		9693514722197E7A007B1CEA /* utils.h */ = {isa = PBXFileReference; fileEncoding = 4; lastKnownFileType = sourcecode.c.h; path = utils.h; sourceTree = "<group>"; };
		9693514D2219A208007B1CEA /* ExtDefList.h */ = {isa = PBXFileReference; lastKnownFileType = sourcecode.c.h; path = ExtDefList.h; sourceTree = "<group>"; };
		9693514E2219A208007B1CEA /* ExtDefList.c */ = {isa = PBXFileReference; lastKnownFileType = sourcecode.c.c; path = ExtDefList.c; sourceTree = "<group>"; };
		969351502219A2CD007B1CEA /* ExtDef.h */ = {isa = PBXFileReference; lastKnownFileType = sourcecode.c.h; path = ExtDef.h; sourceTree = "<group>"; };
		969351512219A2CD007B1CEA /* ExtDef.c */ = {isa = PBXFileReference; lastKnownFileType = sourcecode.c.c; path = ExtDef.c; sourceTree = "<group>"; };
		969351532219A3A6007B1CEA /* errors.h */ = {isa = PBXFileReference; lastKnownFileType = sourcecode.c.h; path = errors.h; sourceTree = "<group>"; };
		969351542219A3A6007B1CEA /* errors.c */ = {isa = PBXFileReference; lastKnownFileType = sourcecode.c.c; path = errors.c; sourceTree = "<group>"; };
/* End PBXFileReference section */

/* Begin PBXFrameworksBuildPhase section */
		9693513822197D7D007B1CEA /* Frameworks */ = {
			isa = PBXFrameworksBuildPhase;
			buildActionMask = 2147483647;
			files = (
			);
			runOnlyForDeploymentPostprocessing = 0;
		};
/* End PBXFrameworksBuildPhase section */

/* Begin PBXGroup section */
		9693513222197D7D007B1CEA = {
			isa = PBXGroup;
			children = (
				9693513D22197D7D007B1CEA /* PSP */,
				9693513C22197D7D007B1CEA /* Products */,
			);
			sourceTree = "<group>";
		};
		9693513C22197D7D007B1CEA /* Products */ = {
			isa = PBXGroup;
			children = (
				9693513B22197D7D007B1CEA /* PSP */,
			);
			name = Products;
			sourceTree = "<group>";
		};
		9693513D22197D7D007B1CEA /* PSP */ = {
			isa = PBXGroup;
			children = (
				9693514522197E6F007B1CEA /* main.h */,
				9693513E22197D7D007B1CEA /* main.c */,
				9693514722197E7A007B1CEA /* utils.h */,
				9693514622197E7A007B1CEA /* utils.c */,
				9693514D2219A208007B1CEA /* ExtDefList.h */,
				9693514E2219A208007B1CEA /* ExtDefList.c */,
				969351502219A2CD007B1CEA /* ExtDef.h */,
				969351512219A2CD007B1CEA /* ExtDef.c */,
				969351532219A3A6007B1CEA /* errors.h */,
				969351542219A3A6007B1CEA /* errors.c */,
			);
			path = PSP;
			sourceTree = "<group>";
		};
/* End PBXGroup section */

/* Begin PBXNativeTarget section */
		9693513A22197D7D007B1CEA /* PSP */ = {
			isa = PBXNativeTarget;
			buildConfigurationList = 9693514222197D7D007B1CEA /* Build configuration list for PBXNativeTarget "PSP" */;
			buildPhases = (
				9693513722197D7D007B1CEA /* Sources */,
				9693513822197D7D007B1CEA /* Frameworks */,
				9693513922197D7D007B1CEA /* CopyFiles */,
			);
			buildRules = (
			);
			dependencies = (
			);
			name = PSP;
			productName = PSP;
			productReference = 9693513B22197D7D007B1CEA /* PSP */;
			productType = "com.apple.product-type.tool";
		};
/* End PBXNativeTarget section */

/* Begin PBXProject section */
		9693513322197D7D007B1CEA /* Project object */ = {
			isa = PBXProject;
			attributes = {
				LastUpgradeCheck = 0930;
				ORGANIZATIONNAME = "伍瀚缘";
				TargetAttributes = {
					9693513A22197D7D007B1CEA = {
						CreatedOnToolsVersion = 9.3.1;
					};
				};
			};
			buildConfigurationList = 9693513622197D7D007B1CEA /* Build configuration list for PBXProject "PSP" */;
			compatibilityVersion = "Xcode 9.3";
			developmentRegion = en;
			hasScannedForEncodings = 0;
			knownRegions = (
				en,
			);
			mainGroup = 9693513222197D7D007B1CEA;
			productRefGroup = 9693513C22197D7D007B1CEA /* Products */;
			projectDirPath = "";
			projectRoot = "";
			targets = (
				9693513A22197D7D007B1CEA /* PSP */,
			);
		};
/* End PBXProject section */

/* Begin PBXSourcesBuildPhase section */
		9693513722197D7D007B1CEA /* Sources */ = {
			isa = PBXSourcesBuildPhase;
			buildActionMask = 2147483647;
			files = (
				9693513F22197D7D007B1CEA /* main.c in Sources */,
				969351522219A2CD007B1CEA /* ExtDef.c in Sources */,
				9693514F2219A208007B1CEA /* ExtDefList.c in Sources */,
				9693514822197E7A007B1CEA /* utils.c in Sources */,
				969351552219A3A6007B1CEA /* errors.c in Sources */,
			);
			runOnlyForDeploymentPostprocessing = 0;
		};
/* End PBXSourcesBuildPhase section */

/* Begin XCBuildConfiguration section */
		9693514022197D7D007B1CEA /* Debug */ = {
			isa = XCBuildConfiguration;
			buildSettings = {
				ALWAYS_SEARCH_USER_PATHS = NO;
				CLANG_ANALYZER_NONNULL = YES;
				CLANG_ANALYZER_NUMBER_OBJECT_CONVERSION = YES_AGGRESSIVE;
				CLANG_CXX_LANGUAGE_STANDARD = "gnu++14";
				CLANG_CXX_LIBRARY = "libc++";
				CLANG_ENABLE_MODULES = YES;
				CLANG_ENABLE_OBJC_ARC = YES;
				CLANG_ENABLE_OBJC_WEAK = YES;
				CLANG_WARN_BLOCK_CAPTURE_AUTORELEASING = YES;
				CLANG_WARN_BOOL_CONVERSION = YES;
				CLANG_WARN_COMMA = YES;
				CLANG_WARN_CONSTANT_CONVERSION = YES;
				CLANG_WARN_DEPRECATED_OBJC_IMPLEMENTATIONS = YES;
				CLANG_WARN_DIRECT_OBJC_ISA_USAGE = YES_ERROR;
				CLANG_WARN_DOCUMENTATION_COMMENTS = YES;
				CLANG_WARN_EMPTY_BODY = YES;
				CLANG_WARN_ENUM_CONVERSION = YES;
				CLANG_WARN_INFINITE_RECURSION = YES;
				CLANG_WARN_INT_CONVERSION = YES;
				CLANG_WARN_NON_LITERAL_NULL_CONVERSION = YES;
				CLANG_WARN_OBJC_IMPLICIT_RETAIN_SELF = YES;
				CLANG_WARN_OBJC_LITERAL_CONVERSION = YES;
				CLANG_WARN_OBJC_ROOT_CLASS = YES_ERROR;
				CLANG_WARN_RANGE_LOOP_ANALYSIS = YES;
				CLANG_WARN_STRICT_PROTOTYPES = YES;
				CLANG_WARN_SUSPICIOUS_MOVE = YES;
				CLANG_WARN_UNGUARDED_AVAILABILITY = YES_AGGRESSIVE;
				CLANG_WARN_UNREACHABLE_CODE = YES;
				CLANG_WARN__DUPLICATE_METHOD_MATCH = YES;
				CODE_SIGN_IDENTITY = "Mac Developer";
				COPY_PHASE_STRIP = NO;
				DEBUG_INFORMATION_FORMAT = dwarf;
				ENABLE_STRICT_OBJC_MSGSEND = YES;
				ENABLE_TESTABILITY = YES;
				GCC_C_LANGUAGE_STANDARD = gnu11;
				GCC_DYNAMIC_NO_PIC = NO;
				GCC_NO_COMMON_BLOCKS = YES;
				GCC_OPTIMIZATION_LEVEL = 0;
				GCC_PREPROCESSOR_DEFINITIONS = (
					"DEBUG=1",
					"$(inherited)",
				);
				GCC_WARN_64_TO_32_BIT_CONVERSION = YES;
				GCC_WARN_ABOUT_RETURN_TYPE = YES_ERROR;
				GCC_WARN_UNDECLARED_SELECTOR = YES;
				GCC_WARN_UNINITIALIZED_AUTOS = YES_AGGRESSIVE;
				GCC_WARN_UNUSED_FUNCTION = YES;
				GCC_WARN_UNUSED_VARIABLE = YES;
				MACOSX_DEPLOYMENT_TARGET = 10.13;
				MTL_ENABLE_DEBUG_INFO = YES;
				ONLY_ACTIVE_ARCH = YES;
				SDKROOT = macosx;
			};
			name = Debug;
		};
		9693514122197D7D007B1CEA /* Release */ = {
			isa = XCBuildConfiguration;
			buildSettings = {
				ALWAYS_SEARCH_USER_PATHS = NO;
				CLANG_ANALYZER_NONNULL = YES;
				CLANG_ANALYZER_NUMBER_OBJECT_CONVERSION = YES_AGGRESSIVE;
				CLANG_CXX_LANGUAGE_STANDARD = "gnu++14";
				CLANG_CXX_LIBRARY = "libc++";
				CLANG_ENABLE_MODULES = YES;
				CLANG_ENABLE_OBJC_ARC = YES;
				CLANG_ENABLE_OBJC_WEAK = YES;
				CLANG_WARN_BLOCK_CAPTURE_AUTORELEASING = YES;
				CLANG_WARN_BOOL_CONVERSION = YES;
				CLANG_WARN_COMMA = YES;
				CLANG_WARN_CONSTANT_CONVERSION = YES;
				CLANG_WARN_DEPRECATED_OBJC_IMPLEMENTATIONS = YES;
				CLANG_WARN_DIRECT_OBJC_ISA_USAGE = YES_ERROR;
				CLANG_WARN_DOCUMENTATION_COMMENTS = YES;
				CLANG_WARN_EMPTY_BODY = YES;
				CLANG_WARN_ENUM_CONVERSION = YES;
				CLANG_WARN_INFINITE_RECURSION = YES;
				CLANG_WARN_INT_CONVERSION = YES;
				CLANG_WARN_NON_LITERAL_NULL_CONVERSION = YES;
				CLANG_WARN_OBJC_IMPLICIT_RETAIN_SELF = YES;
				CLANG_WARN_OBJC_LITERAL_CONVERSION = YES;
				CLANG_WARN_OBJC_ROOT_CLASS = YES_ERROR;
				CLANG_WARN_RANGE_LOOP_ANALYSIS = YES;
				CLANG_WARN_STRICT_PROTOTYPES = YES;
				CLANG_WARN_SUSPICIOUS_MOVE = YES;
				CLANG_WARN_UNGUARDED_AVAILABILITY = YES_AGGRESSIVE;
				CLANG_WARN_UNREACHABLE_CODE = YES;
				CLANG_WARN__DUPLICATE_METHOD_MATCH = YES;
				CODE_SIGN_IDENTITY = "Mac Developer";
				COPY_PHASE_STRIP = NO;
				DEBUG_INFORMATION_FORMAT = "dwarf-with-dsym";
				ENABLE_NS_ASSERTIONS = NO;
				ENABLE_STRICT_OBJC_MSGSEND = YES;
				GCC_C_LANGUAGE_STANDARD = gnu11;
				GCC_NO_COMMON_BLOCKS = YES;
				GCC_WARN_64_TO_32_BIT_CONVERSION = YES;
				GCC_WARN_ABOUT_RETURN_TYPE = YES_ERROR;
				GCC_WARN_UNDECLARED_SELECTOR = YES;
				GCC_WARN_UNINITIALIZED_AUTOS = YES_AGGRESSIVE;
				GCC_WARN_UNUSED_FUNCTION = YES;
				GCC_WARN_UNUSED_VARIABLE = YES;
				MACOSX_DEPLOYMENT_TARGET = 10.13;
				MTL_ENABLE_DEBUG_INFO = NO;
				SDKROOT = macosx;
			};
			name = Release;
		};
		9693514322197D7D007B1CEA /* Debug */ = {
			isa = XCBuildConfiguration;
			buildSettings = {
				CODE_SIGN_STYLE = Automatic;
				DEVELOPMENT_TEAM = 57B8D62G33;
				PRODUCT_NAME = "$(TARGET_NAME)";
			};
			name = Debug;
		};
		9693514422197D7D007B1CEA /* Release */ = {
			isa = XCBuildConfiguration;
			buildSettings = {
				CODE_SIGN_STYLE = Automatic;
				DEVELOPMENT_TEAM = 57B8D62G33;
				PRODUCT_NAME = "$(TARGET_NAME)";
			};
			name = Release;
		};
/* End XCBuildConfiguration section */

/* Begin XCConfigurationList section */
		9693513622197D7D007B1CEA /* Build configuration list for PBXProject "PSP" */ = {
			isa = XCConfigurationList;
			buildConfigurations = (
				9693514022197D7D007B1CEA /* Debug */,
				9693514122197D7D007B1CEA /* Release */,
			);
			defaultConfigurationIsVisible = 0;
			defaultConfigurationName = Release;
		};
		9693514222197D7D007B1CEA /* Build configuration list for PBXNativeTarget "PSP" */ = {
			isa = XCConfigurationList;
			buildConfigurations = (
				9693514322197D7D007B1CEA /* Debug */,
				9693514422197D7D007B1CEA /* Release */,
			);
			defaultConfigurationIsVisible = 0;
			defaultConfigurationName = Release;
		};
/* End XCConfigurationList section */
	};
	rootObject = 9693513322197D7D007B1CEA /* Project object */;
}
